
Microsoft Visual Studio Solution File, Format Version 12.00
# Visual Studio 14
VisualStudioVersion = 14.0.24720.0
MinimumVisualStudioVersion = 10.0.40219.1
Project("{FAE04EC0-301F-11D3-BF4B-00C04F79EFBC}") = "OneRepMax", "OneRepMax\OneRepMax.csproj", "{0C9A3C9D-9FF0-4D8B-AA19-BD37155776AE}"
EndProject
Project("{FAE04EC0-301F-11D3-BF4B-00C04F79EFBC}") = "OneRepMax.Demo", "OneRepMax.Demo\OneRepMax.Demo.csproj", "{364F2522-16CE-4203-B731-BA89213B1D18}"
EndProject
Global
	GlobalSection(SolutionConfigurationPlatforms) = preSolution
		Debug|Any CPU = Debug|Any CPU
		Release|Any CPU = Release|Any CPU
	EndGlobalSection
	GlobalSection(ProjectConfigurationPlatforms) = postSolution
		{0C9A3C9D-9FF0-4D8B-AA19-BD37155776AE}.Debug|Any CPU.ActiveCfg = Debug|Any CPU
		{0C9A3C9D-9FF0-4D8B-AA19-BD37155776AE}.Debug|Any CPU.Build.0 = Debug|Any CPU
		{0C9A3C9D-9FF0-4D8B-AA19-BD37155776AE}.Release|Any CPU.ActiveCfg = Release|Any CPU
		{0C9A3C9D-9FF0-4D8B-AA19-BD37155776AE}.Release|Any CPU.Build.0 = Release|Any CPU
		{364F2522-16CE-4203-B731-BA89213B1D18}.Debug|Any CPU.ActiveCfg = Debug|Any CPU
		{364F2522-16CE-4203-B731-BA89213B1D18}.Debug|Any CPU.Build.0 = Debug|Any CPU
		{364F2522-16CE-4203-B731-BA89213B1D18}.Release|Any CPU.ActiveCfg = Release|Any CPU
		{364F2522-16CE-4203-B731-BA89213B1D18}.Release|Any CPU.Build.0 = Release|Any CPU
	EndGlobalSection
	GlobalSection(SolutionProperties) = preSolution
		HideSolutionNode = FALSE
	EndGlobalSection
EndGlobal
